
Microsoft Visual Studio Solution File, Format Version 12.00
Project("{FAE04EC0-301F-11D3-BF4B-00C04F79EFBC}") = "GitlabMonitor", "GitlabMonitor.csproj", "{75892A1F-1828-4BA5-8DB9-983D925E821D}"
EndProject
Global
	GlobalSection(SolutionConfigurationPlatforms) = preSolution
		Debug|Any CPU = Debug|Any CPU
		Release|Any CPU = Release|Any CPU
	EndGlobalSection
	GlobalSection(ProjectConfigurationPlatforms) = postSolution
		{75892A1F-1828-4BA5-8DB9-983D925E821D}.Debug|Any CPU.ActiveCfg = Debug|Any CPU
		{75892A1F-1828-4BA5-8DB9-983D925E821D}.Debug|Any CPU.Build.0 = Debug|Any CPU
		{75892A1F-1828-4BA5-8DB9-983D925E821D}.Release|Any CPU.ActiveCfg = Release|Any CPU
		{75892A1F-1828-4BA5-8DB9-983D925E821D}.Release|Any CPU.Build.0 = Release|Any CPU
	EndGlobalSection
EndGlobal
